
Microsoft Visual Studio Solution File, Format Version 12.00
# Visual Studio Version 16
VisualStudioVersion = 16.0.30413.136
MinimumVisualStudioVersion = 10.0.40219.1
Project("{9A19103F-16F7-4668-BE54-9A1E7A4F7556}") = "Gateway", "src\Gateway.csproj", "{D41A05CC-1572-4673-A6E0-1D0704D405EC}"
EndProject
Global
	GlobalSection(SolutionConfigurationPlatforms) = preSolution
		Debug|Any CPU = Debug|Any CPU
		Release|Any CPU = Release|Any CPU
	EndGlobalSection
	GlobalSection(ProjectConfigurationPlatforms) = postSolution
		{D41A05CC-1572-4673-A6E0-1D0704D405EC}.Debug|Any CPU.ActiveCfg = Debug|Any CPU
		{D41A05CC-1572-4673-A6E0-1D0704D405EC}.Debug|Any CPU.Build.0 = Debug|Any CPU
		{D41A05CC-1572-4673-A6E0-1D0704D405EC}.Release|Any CPU.ActiveCfg = Release|Any CPU
		{D41A05CC-1572-4673-A6E0-1D0704D405EC}.Release|Any CPU.Build.0 = Release|Any CPU
	EndGlobalSection
	GlobalSection(SolutionProperties) = preSolution
		HideSolutionNode = FALSE
	EndGlobalSection
	GlobalSection(ExtensibilityGlobals) = postSolution
		SolutionGuid = {F27200E9-519E-4AB2-97A6-D96816587318}
	EndGlobalSection
EndGlobal
